
Microsoft Visual Studio Solution File, Format Version 12.00
# Visual Studio Version 17
VisualStudioVersion = 17.2.32616.157
MinimumVisualStudioVersion = 10.0.40219.1
Project("{FAE04EC0-301F-11D3-BF4B-00C04F79EFBC}") = "mytestwebapplication", "mytestwebapplication\mytestwebapplication.csproj", "{CFFF815F-69B6-488C-A312-312D4647112F}"
EndProject
Global
	GlobalSection(SolutionConfigurationPlatforms) = preSolution
		Debug|Any CPU = Debug|Any CPU
		Release|Any CPU = Release|Any CPU
	EndGlobalSection
	GlobalSection(ProjectConfigurationPlatforms) = postSolution
		{CFFF815F-69B6-488C-A312-312D4647112F}.Debug|Any CPU.ActiveCfg = Debug|Any CPU
		{CFFF815F-69B6-488C-A312-312D4647112F}.Debug|Any CPU.Build.0 = Debug|Any CPU
		{CFFF815F-69B6-488C-A312-312D4647112F}.Release|Any CPU.ActiveCfg = Release|Any CPU
		{CFFF815F-69B6-488C-A312-312D4647112F}.Release|Any CPU.Build.0 = Release|Any CPU
	EndGlobalSection
	GlobalSection(SolutionProperties) = preSolution
		HideSolutionNode = FALSE
	EndGlobalSection
	GlobalSection(ExtensibilityGlobals) = postSolution
		SolutionGuid = {61EA3D6B-1B7F-445D-B93B-F775B79DCAC9}
	EndGlobalSection
EndGlobal
